CONTRACTS_VERSION=0.4.0
CONTRACTS_REF=ea48fe190e18afba728712d1e2cc79cda57f581b
CONTRACTS_COMMIT=ea48fe190e18afba728712d1e2cc79cda57f581b
CONTRACTS_GENERATOR=github.com/oapi-codegen/oapi-codegen/v2/cmd/oapi-codegen
CONTRACTS_GENERATOR_VERSION=v2.7.2
OPENAPI_SHA256=cf72ba8dd6910e8454ad60feeffa5e82583303b441dad78e49910fbdb9f5420f
RUNTIME_COMPATIBILITY_SHA256=87392c9f478af79471ac1ccb40496111c5dd3d9e827b8237a577fa90cc2ab82f
AGENT_SESSION_EVENT_SCHEMA_SHA256=0a618857278185d9907138fac803f8382f3a308cf23e1de26345455d97ea3740
AGENT_SESSION_EVENT_V2_SCHEMA_SHA256=b7a6494f58e274964ef5520c790f3891836c2f2cf69391ce67e5cfa00211f424
AGENT_SESSION_EVENT_V3_SCHEMA_SHA256=87b1284056529bde8314e6cfa6ad1fb27ffefef50ea86033875fda795330939f
REPORT_DOCUMENT_V1_SCHEMA_SHA256=94715e5b821cca686405d06004b805e9eac6d39dc61e19c9fc38925102f79556
