CONTRACTS_VERSION=0.2.0
CONTRACTS_REF=contracts-v0.2.0
CONTRACTS_COMMIT=f16a497e1377f45747f8ff9292b4b60cf2027f88
CONTRACTS_GENERATOR=github.com/oapi-codegen/oapi-codegen/v2/cmd/oapi-codegen
CONTRACTS_GENERATOR_VERSION=v2.7.2
OPENAPI_SHA256=31e52d4ed68a7ecc1cf37c711a61e64193c8de89d468eb154cd8d8a9d00ed7b0
RUNTIME_COMPATIBILITY_SHA256=1b5e701ea57fc8d07e031bf2e497e6c42fdb2fcc62aecf278d67826bc167a508
AGENT_SESSION_EVENT_SCHEMA_SHA256=0a618857278185d9907138fac803f8382f3a308cf23e1de26345455d97ea3740
