CONTRACTS_VERSION=0.5.0
CONTRACTS_REF=d6dff903e0c12b6a5e69599df1e33ef46d8bea6b
CONTRACTS_COMMIT=d6dff903e0c12b6a5e69599df1e33ef46d8bea6b
CONTRACTS_GENERATOR=github.com/oapi-codegen/oapi-codegen/v2/cmd/oapi-codegen
CONTRACTS_GENERATOR_VERSION=v2.7.2
OPENAPI_SHA256=406b55dad02d5a3d489955bcf29c973b94252c3e300f8ff853709a71d6874431
RUNTIME_COMPATIBILITY_SHA256=6b7662d4237486300456f16abd0305fe1ea267b70a85e497ba7ab15a654939ee
AGENT_SESSION_EVENT_SCHEMA_SHA256=0a618857278185d9907138fac803f8382f3a308cf23e1de26345455d97ea3740
AGENT_SESSION_EVENT_V2_SCHEMA_SHA256=b7a6494f58e274964ef5520c790f3891836c2f2cf69391ce67e5cfa00211f424
AGENT_SESSION_EVENT_V3_SCHEMA_SHA256=87b1284056529bde8314e6cfa6ad1fb27ffefef50ea86033875fda795330939f
REPORT_DOCUMENT_V1_SCHEMA_SHA256=94715e5b821cca686405d06004b805e9eac6d39dc61e19c9fc38925102f79556
SKILL_BUNDLE_MANIFEST_V1_SCHEMA_SHA256=d86185a1d5f4d9a136c88b679d50ac3e83bcc2b722eee39cba674c5be3b88469
SKILL_BUNDLE_FIXTURE_TREE=7afc9656d56523b929c85ffc9ba45f093a0e0e4a
SKILL_BUNDLE_FIXTURE_SNAPSHOT_SHA256=be149b821586cc974fe62a09de92a83bddc6f11500839582e2b5b6f9b05b2b4a
HOST_SKILLS_V1_FIXTURE_TREE=80138d31544965e6ccca142bfbd311e17906ea08
HOST_SKILLS_V1_FIXTURE_SNAPSHOT_SHA256=ce7c5b0772483dd7c02954657f6b9bccd5b622abbff799c6ab9578a4c7c443be
SYNTHETIC_VIDEO_FIXTURE_SOURCE=tests/fixtures/agent/resources-v3/synthetic-video-16x16.mp4.base64
SYNTHETIC_VIDEO_FIXTURE_TREE=f447129c08b9b39231e33698afc3f2fd875d6b14
SYNTHETIC_VIDEO_FIXTURE_SOURCE_SHA256=d8a7a55c786dcde9367125d806e0cf5b014fb8f70801c97b80a70d5160f95f8a
SYNTHETIC_VIDEO_FIXTURE_RAW_SIZE=1642
SYNTHETIC_VIDEO_FIXTURE_RAW_SHA256=96ea070cac612d17927939c22f3c0c593fb26b171f62c4e9cee43fb596177dd5
SYNTHETIC_VIDEO_FIXTURE_SNAPSHOT=internal/session/fixtures/synthetic-video-16x16.mp4.base64
SYNTHETIC_VIDEO_FIXTURE_SNAPSHOT_SHA256=d8a7a55c786dcde9367125d806e0cf5b014fb8f70801c97b80a70d5160f95f8a
