SKILLS_VERSION=0.3.0
SKILLS_REPOSITORY=https://github.com/36Dge/yijie-skills.git
SKILLS_COMMIT=10c45bec29603b002e861e1499d5b4e684251af5
SKILLS_SOURCE_TREE_SHA256=3247a14004c76170cf41a2d854e2ceffa1fd43de6e0ca8bb596f1d61d9be1029
CONTRACTS_COMMIT=164b14f609537d727a52326832da04430aecc4ab
MANIFEST_V2_SHA256=39a898111ba3dcae2f369fdcb571a2e892830d1d0a57c90ab6210a0ab897a649
LOCAL_DEVELOPMENT_MANIFEST_SHA256=cc2b9be4d0e640e0888e97f6f7a09149a248386931786a7a089c8094304d94a5
DESKTOP_RELEASE_MANIFEST_SHA256=9f8459077615514183fdd4c81ff3b6b2ef1ea735257b04c040399d4c91c1daa2
ARCHIVE_INVENTORY_SHA256=0bfb2d66b484b281cc7e22667d611dda81c6ab862ece5b78da4e8301fc497715
SKILL_COUNT=38
INSTALLABLE_COUNT=38
BLOCKED_COUNT=0
CATEGORY_COUNTS=5/9/7/9/8
